
Microsoft Visual Studio Solution File, Format Version 12.00
# Visual Studio Version 17
VisualStudioVersion = 17.1.32421.90
MinimumVisualStudioVersion = 10.0.40219.1
Project("{FAE04EC0-301F-11D3-BF4B-00C04F79EFBC}") = "WebApplication", "WebApplication\WebApplication.csproj", "{92035E33-2E63-4419-9AA2-23B03B3D8364}"
EndProject
Global
	GlobalSection(SolutionConfigurationPlatforms) = preSolution
		Debug|Any CPU = Debug|Any CPU
		Release|Any CPU = Release|Any CPU
	EndGlobalSection
	GlobalSection(ProjectConfigurationPlatforms) = postSolution
		{92035E33-2E63-4419-9AA2-23B03B3D8364}.Debug|Any CPU.ActiveCfg = Debug|Any CPU
		{92035E33-2E63-4419-9AA2-23B03B3D8364}.Debug|Any CPU.Build.0 = Debug|Any CPU
		{92035E33-2E63-4419-9AA2-23B03B3D8364}.Release|Any CPU.ActiveCfg = Release|Any CPU
		{92035E33-2E63-4419-9AA2-23B03B3D8364}.Release|Any CPU.Build.0 = Release|Any CPU
	EndGlobalSection
	GlobalSection(SolutionProperties) = preSolution
		HideSolutionNode = FALSE
	EndGlobalSection
	GlobalSection(ExtensibilityGlobals) = postSolution
		SolutionGuid = {971F19E4-5570-4E2F-85AC-7AA951BAED6B}
	EndGlobalSection
EndGlobal
