
Microsoft Visual Studio Solution File, Format Version 12.00
# Visual Studio Version 17
VisualStudioVersion = 17.1.32421.90
MinimumVisualStudioVersion = 10.0.40219.1
Project("{FAE04EC0-301F-11D3-BF4B-00C04F79EFBC}") = "WebApplication_Cw4", "WebApplication_Cw4\WebApplication_Cw4.csproj", "{9AB74BB3-30A2-433C-929E-B20C964ACCAF}"
EndProject
Global
	GlobalSection(SolutionConfigurationPlatforms) = preSolution
		Debug|Any CPU = Debug|Any CPU
		Release|Any CPU = Release|Any CPU
	EndGlobalSection
	GlobalSection(ProjectConfigurationPlatforms) = postSolution
		{9AB74BB3-30A2-433C-929E-B20C964ACCAF}.Debug|Any CPU.ActiveCfg = Debug|Any CPU
		{9AB74BB3-30A2-433C-929E-B20C964ACCAF}.Debug|Any CPU.Build.0 = Debug|Any CPU
		{9AB74BB3-30A2-433C-929E-B20C964ACCAF}.Release|Any CPU.ActiveCfg = Release|Any CPU
		{9AB74BB3-30A2-433C-929E-B20C964ACCAF}.Release|Any CPU.Build.0 = Release|Any CPU
	EndGlobalSection
	GlobalSection(SolutionProperties) = preSolution
		HideSolutionNode = FALSE
	EndGlobalSection
	GlobalSection(ExtensibilityGlobals) = postSolution
		SolutionGuid = {D82D4C9E-6B6A-4BD9-B6CF-2DF28E052E11}
	EndGlobalSection
EndGlobal
